
Microsoft Visual Studio Solution File, Format Version 12.00
# Visual Studio Version 17
VisualStudioVersion = 17.12.35514.174 d17.12
MinimumVisualStudioVersion = 10.0.40219.1
Project("{FAE04EC0-301F-11D3-BF4B-00C04F79EFBC}") = "Zra_Website.Server", "Zra_Website.Server\Zra_Website.Server.csproj", "{12D0AB4E-5394-499D-9D15-282565ADCA82}"
EndProject
Project("{54A90642-561A-4BB1-A94E-469ADEE60C69}") = "zra_website.client", "zra_website.client\zra_website.client.esproj", "{0561019B-EA61-4795-8464-DF2A63C3538C}"
EndProject
Global
	GlobalSection(SolutionConfigurationPlatforms) = preSolution
		Debug|Any CPU = Debug|Any CPU
		Release|Any CPU = Release|Any CPU
	EndGlobalSection
	GlobalSection(ProjectConfigurationPlatforms) = postSolution
		{12D0AB4E-5394-499D-9D15-282565ADCA82}.Debug|Any CPU.ActiveCfg = Debug|Any CPU
		{12D0AB4E-5394-499D-9D15-282565ADCA82}.Debug|Any CPU.Build.0 = Debug|Any CPU
		{12D0AB4E-5394-499D-9D15-282565ADCA82}.Release|Any CPU.ActiveCfg = Release|Any CPU
		{12D0AB4E-5394-499D-9D15-282565ADCA82}.Release|Any CPU.Build.0 = Release|Any CPU
		{0561019B-EA61-4795-8464-DF2A63C3538C}.Debug|Any CPU.ActiveCfg = Debug|Any CPU
		{0561019B-EA61-4795-8464-DF2A63C3538C}.Debug|Any CPU.Build.0 = Debug|Any CPU
		{0561019B-EA61-4795-8464-DF2A63C3538C}.Debug|Any CPU.Deploy.0 = Debug|Any CPU
		{0561019B-EA61-4795-8464-DF2A63C3538C}.Release|Any CPU.ActiveCfg = Release|Any CPU
		{0561019B-EA61-4795-8464-DF2A63C3538C}.Release|Any CPU.Build.0 = Release|Any CPU
		{0561019B-EA61-4795-8464-DF2A63C3538C}.Release|Any CPU.Deploy.0 = Release|Any CPU
	EndGlobalSection
	GlobalSection(SolutionProperties) = preSolution
		HideSolutionNode = FALSE
	EndGlobalSection
EndGlobal
